// !$*UTF8*$!
{
	archiveVersion = 1;
	classes = {
	};
	objectVersion = 46;
	objects = {

/* Begin PBXBuildFile section */
		8E69A4321AE518D800730A6D /* main.m in Sources */ = {isa = PBXBuildFile; fileRef = 8E69A4311AE518D800730A6D /* main.m */; };
		8E69A4351AE518D800730A6D /* AppDelegate.m in Sources */ = {isa = PBXBuildFile; fileRef = 8E69A4341AE518D800730A6D /* AppDelegate.m */; };
		8E69A4371AE518D800730A6D /* Images.xcassets in Resources */ = {isa = PBXBuildFile; fileRef = 8E69A4361AE518D800730A6D /* Images.xcassets */; };
		8E69A43A1AE518D800730A6D /* LaunchScreen.xib in Resources */ = {isa = PBXBuildFile; fileRef = 8E69A4381AE518D800730A6D /* LaunchScreen.xib */; };
		8E69A4461AE518D800730A6D /* iNotebookTests.m in Sources */ = {isa = PBXBuildFile; fileRef = 8E69A4451AE518D800730A6D /* iNotebookTests.m */; };
		8E69A4521AE5191000730A6D /* AGTSimpleCoreDataStack.m in Sources */ = {isa = PBXBuildFile; fileRef = 8E69A4511AE5191000730A6D /* AGTSimpleCoreDataStack.m */; };
		8E69A4551AE51DD200730A6D /* Model.xcdatamodeld in Sources */ = {isa = PBXBuildFile; fileRef = 8E69A4531AE51DD200730A6D /* Model.xcdatamodeld */; };
		8E69A4861AE6E35800730A6D /* _ACCNamedEntity.m in Sources */ = {isa = PBXBuildFile; fileRef = 8E69A47B1AE6E35800730A6D /* _ACCNamedEntity.m */; };
		8E69A4871AE6E35800730A6D /* _ACCNote.m in Sources */ = {isa = PBXBuildFile; fileRef = 8E69A47D1AE6E35800730A6D /* _ACCNote.m */; };
		8E69A4881AE6E35800730A6D /* _ACCNotebook.m in Sources */ = {isa = PBXBuildFile; fileRef = 8E69A47F1AE6E35800730A6D /* _ACCNotebook.m */; };
		8E69A4891AE6E35800730A6D /* ACCNamedEntity.m in Sources */ = {isa = PBXBuildFile; fileRef = 8E69A4811AE6E35800730A6D /* ACCNamedEntity.m */; };
		8E69A48A1AE6E35800730A6D /* ACCNote.m in Sources */ = {isa = PBXBuildFile; fileRef = 8E69A4831AE6E35800730A6D /* ACCNote.m */; };
		8E69A48B1AE6E35800730A6D /* ACCNotebook.m in Sources */ = {isa = PBXBuildFile; fileRef = 8E69A4851AE6E35800730A6D /* ACCNotebook.m */; };
		8E69A4901AE6EC1A00730A6D /* _ACCPhoto.m in Sources */ = {isa = PBXBuildFile; fileRef = 8E69A48D1AE6EC1A00730A6D /* _ACCPhoto.m */; };
		8E69A4911AE6EC1A00730A6D /* ACCPhoto.m in Sources */ = {isa = PBXBuildFile; fileRef = 8E69A48F1AE6EC1A00730A6D /* ACCPhoto.m */; };
/* End PBXBuildFile section */

/* Begin PBXContainerItemProxy section */
		8E69A4401AE518D800730A6D /* PBXContainerItemProxy */ = {
			isa = PBXContainerItemProxy;
			containerPortal = 8E69A4241AE518D800730A6D /* Project object */;
			proxyType = 1;
			remoteGlobalIDString = 8E69A42B1AE518D800730A6D;
			remoteInfo = iNotebook;
		};
/* End PBXContainerItemProxy section */

/* Begin PBXFileReference section */
		8E69A42C1AE518D800730A6D /* iNotebook.app */ = {isa = PBXFileReference; explicitFileType = wrapper.application; includeInIndex = 0; path = iNotebook.app; sourceTree = BUILT_PRODUCTS_DIR; };
		8E69A4301AE518D800730A6D /* Info.plist */ = {isa = PBXFileReference; lastKnownFileType = text.plist.xml; path = Info.plist; sourceTree = "<group>"; };
		8E69A4311AE518D800730A6D /* main.m */ = {isa = PBXFileReference; lastKnownFileType = sourcecode.c.objc; path = main.m; sourceTree = "<group>"; };
		8E69A4331AE518D800730A6D /* AppDelegate.h */ = {isa = PBXFileReference; lastKnownFileType = sourcecode.c.h; path = AppDelegate.h; sourceTree = "<group>"; };
		8E69A4341AE518D800730A6D /* AppDelegate.m */ = {isa = PBXFileReference; lastKnownFileType = sourcecode.c.objc; path = AppDelegate.m; sourceTree = "<group>"; };
		8E69A4361AE518D800730A6D /* Images.xcassets */ = {isa = PBXFileReference; lastKnownFileType = folder.assetcatalog; path = Images.xcassets; sourceTree = "<group>"; };
		8E69A4391AE518D800730A6D /* Base */ = {isa = PBXFileReference; lastKnownFileType = file.xib; name = Base; path = Base.lproj/LaunchScreen.xib; sourceTree = "<group>"; };
		8E69A43F1AE518D800730A6D /* iNotebookTests.xctest */ = {isa = PBXFileReference; explicitFileType = wrapper.cfbundle; includeInIndex = 0; path = iNotebookTests.xctest; sourceTree = BUILT_PRODUCTS_DIR; };
		8E69A4441AE518D800730A6D /* Info.plist */ = {isa = PBXFileReference; lastKnownFileType = text.plist.xml; path = Info.plist; sourceTree = "<group>"; };
		8E69A4451AE518D800730A6D /* iNotebookTests.m */ = {isa = PBXFileReference; lastKnownFileType = sourcecode.c.objc; path = iNotebookTests.m; sourceTree = "<group>"; };
		8E69A4501AE5191000730A6D /* AGTSimpleCoreDataStack.h */ = {isa = PBXFileReference; fileEncoding = 4; lastKnownFileType = sourcecode.c.h; path = AGTSimpleCoreDataStack.h; sourceTree = "<group>"; };
		8E69A4511AE5191000730A6D /* AGTSimpleCoreDataStack.m */ = {isa = PBXFileReference; fileEncoding = 4; lastKnownFileType = sourcecode.c.objc; path = AGTSimpleCoreDataStack.m; sourceTree = "<group>"; };
		8E69A4541AE51DD200730A6D /* Model.xcdatamodel */ = {isa = PBXFileReference; lastKnownFileType = wrapper.xcdatamodel; path = Model.xcdatamodel; sourceTree = "<group>"; };
		8E69A47A1AE6E35800730A6D /* _ACCNamedEntity.h */ = {isa = PBXFileReference; fileEncoding = 4; lastKnownFileType = sourcecode.c.h; path = _ACCNamedEntity.h; sourceTree = "<group>"; };
		8E69A47B1AE6E35800730A6D /* _ACCNamedEntity.m */ = {isa = PBXFileReference; fileEncoding = 4; lastKnownFileType = sourcecode.c.objc; path = _ACCNamedEntity.m; sourceTree = "<group>"; };
		8E69A47C1AE6E35800730A6D /* _ACCNote.h */ = {isa = PBXFileReference; fileEncoding = 4; lastKnownFileType = sourcecode.c.h; path = _ACCNote.h; sourceTree = "<group>"; };
		8E69A47D1AE6E35800730A6D /* _ACCNote.m */ = {isa = PBXFileReference; fileEncoding = 4; lastKnownFileType = sourcecode.c.objc; path = _ACCNote.m; sourceTree = "<group>"; };
		8E69A47E1AE6E35800730A6D /* _ACCNotebook.h */ = {isa = PBXFileReference; fileEncoding = 4; lastKnownFileType = sourcecode.c.h; path = _ACCNotebook.h; sourceTree = "<group>"; };
		8E69A47F1AE6E35800730A6D /* _ACCNotebook.m */ = {isa = PBXFileReference; fileEncoding = 4; lastKnownFileType = sourcecode.c.objc; path = _ACCNotebook.m; sourceTree = "<group>"; };
		8E69A4801AE6E35800730A6D /* ACCNamedEntity.h */ = {isa = PBXFileReference; fileEncoding = 4; lastKnownFileType = sourcecode.c.h; path = ACCNamedEntity.h; sourceTree = "<group>"; };
		8E69A4811AE6E35800730A6D /* ACCNamedEntity.m */ = {isa = PBXFileReference; fileEncoding = 4; lastKnownFileType = sourcecode.c.objc; path = ACCNamedEntity.m; sourceTree = "<group>"; };
		8E69A4821AE6E35800730A6D /* ACCNote.h */ = {isa = PBXFileReference; fileEncoding = 4; lastKnownFileType = sourcecode.c.h; path = ACCNote.h; sourceTree = "<group>"; };
		8E69A4831AE6E35800730A6D /* ACCNote.m */ = {isa = PBXFileReference; fileEncoding = 4; lastKnownFileType = sourcecode.c.objc; path = ACCNote.m; sourceTree = "<group>"; };
		8E69A4841AE6E35800730A6D /* ACCNotebook.h */ = {isa = PBXFileReference; fileEncoding = 4; lastKnownFileType = sourcecode.c.h; path = ACCNotebook.h; sourceTree = "<group>"; };
		8E69A4851AE6E35800730A6D /* ACCNotebook.m */ = {isa = PBXFileReference; fileEncoding = 4; lastKnownFileType = sourcecode.c.objc; path = ACCNotebook.m; sourceTree = "<group>"; };
		8E69A48C1AE6EC1A00730A6D /* _ACCPhoto.h */ = {isa = PBXFileReference; fileEncoding = 4; lastKnownFileType = sourcecode.c.h; path = _ACCPhoto.h; sourceTree = "<group>"; };
		8E69A48D1AE6EC1A00730A6D /* _ACCPhoto.m */ = {isa = PBXFileReference; fileEncoding = 4; lastKnownFileType = sourcecode.c.objc; path = _ACCPhoto.m; sourceTree = "<group>"; };
		8E69A48E1AE6EC1A00730A6D /* ACCPhoto.h */ = {isa = PBXFileReference; fileEncoding = 4; lastKnownFileType = sourcecode.c.h; path = ACCPhoto.h; sourceTree = "<group>"; };
		8E69A48F1AE6EC1A00730A6D /* ACCPhoto.m */ = {isa = PBXFileReference; fileEncoding = 4; lastKnownFileType = sourcecode.c.objc; path = ACCPhoto.m; sourceTree = "<group>"; };
		8E69A4921AEE6F8E00730A6D /* Settings.h */ = {isa = PBXFileReference; fileEncoding = 4; lastKnownFileType = sourcecode.c.h; path = Settings.h; sourceTree = "<group>"; };
		8E69A4931AEE700900730A6D /* PrefixHeader.pch */ = {isa = PBXFileReference; lastKnownFileType = sourcecode.c.h; path = PrefixHeader.pch; sourceTree = "<group>"; };
/* End PBXFileReference section */

/* Begin PBXFrameworksBuildPhase section */
		8E69A4291AE518D800730A6D /* Frameworks */ = {
			isa = PBXFrameworksBuildPhase;
			buildActionMask = 2147483647;
			files = (
			);
			runOnlyForDeploymentPostprocessing = 0;
		};
		8E69A43C1AE518D800730A6D /* Frameworks */ = {
			isa = PBXFrameworksBuildPhase;
			buildActionMask = 2147483647;
			files = (
			);
			runOnlyForDeploymentPostprocessing = 0;
		};
/* End PBXFrameworksBuildPhase section */

/* Begin PBXGroup section */
		8E69A4231AE518D800730A6D = {
			isa = PBXGroup;
			children = (
				8E69A42E1AE518D800730A6D /* iNotebook */,
				8E69A4421AE518D800730A6D /* iNotebookTests */,
				8E69A42D1AE518D800730A6D /* Products */,
			);
			sourceTree = "<group>";
		};
		8E69A42D1AE518D800730A6D /* Products */ = {
			isa = PBXGroup;
			children = (
				8E69A42C1AE518D800730A6D /* iNotebook.app */,
				8E69A43F1AE518D800730A6D /* iNotebookTests.xctest */,
			);
			name = Products;
			sourceTree = "<group>";
		};
		8E69A42E1AE518D800730A6D /* iNotebook */ = {
			isa = PBXGroup;
			children = (
				8E69A44F1AE518E700730A6D /* Models */,
				8E69A4331AE518D800730A6D /* AppDelegate.h */,
				8E69A4341AE518D800730A6D /* AppDelegate.m */,
				8E69A4361AE518D800730A6D /* Images.xcassets */,
				8E69A4381AE518D800730A6D /* LaunchScreen.xib */,
				8E69A42F1AE518D800730A6D /* Supporting Files */,
			);
			path = iNotebook;
			sourceTree = "<group>";
		};
		8E69A42F1AE518D800730A6D /* Supporting Files */ = {
			isa = PBXGroup;
			children = (
				8E69A4301AE518D800730A6D /* Info.plist */,
				8E69A4311AE518D800730A6D /* main.m */,
				8E69A4921AEE6F8E00730A6D /* Settings.h */,
				8E69A4931AEE700900730A6D /* PrefixHeader.pch */,
			);
			name = "Supporting Files";
			sourceTree = "<group>";
		};
		8E69A4421AE518D800730A6D /* iNotebookTests */ = {
			isa = PBXGroup;
			children = (
				8E69A4451AE518D800730A6D /* iNotebookTests.m */,
				8E69A4431AE518D800730A6D /* Supporting Files */,
			);
			path = iNotebookTests;
			sourceTree = "<group>";
		};
		8E69A4431AE518D800730A6D /* Supporting Files */ = {
			isa = PBXGroup;
			children = (
				8E69A4441AE518D800730A6D /* Info.plist */,
			);
			name = "Supporting Files";
			sourceTree = "<group>";
		};
		8E69A44F1AE518E700730A6D /* Models */ = {
			isa = PBXGroup;
			children = (
				8E69A48C1AE6EC1A00730A6D /* _ACCPhoto.h */,
				8E69A48D1AE6EC1A00730A6D /* _ACCPhoto.m */,
				8E69A47A1AE6E35800730A6D /* _ACCNamedEntity.h */,
				8E69A47B1AE6E35800730A6D /* _ACCNamedEntity.m */,
				8E69A47C1AE6E35800730A6D /* _ACCNote.h */,
				8E69A47D1AE6E35800730A6D /* _ACCNote.m */,
				8E69A47E1AE6E35800730A6D /* _ACCNotebook.h */,
				8E69A47F1AE6E35800730A6D /* _ACCNotebook.m */,
				8E69A4801AE6E35800730A6D /* ACCNamedEntity.h */,
				8E69A4811AE6E35800730A6D /* ACCNamedEntity.m */,
				8E69A48E1AE6EC1A00730A6D /* ACCPhoto.h */,
				8E69A48F1AE6EC1A00730A6D /* ACCPhoto.m */,
				8E69A4821AE6E35800730A6D /* ACCNote.h */,
				8E69A4831AE6E35800730A6D /* ACCNote.m */,
				8E69A4841AE6E35800730A6D /* ACCNotebook.h */,
				8E69A4851AE6E35800730A6D /* ACCNotebook.m */,
				8E69A4501AE5191000730A6D /* AGTSimpleCoreDataStack.h */,
				8E69A4511AE5191000730A6D /* AGTSimpleCoreDataStack.m */,
				8E69A4531AE51DD200730A6D /* Model.xcdatamodeld */,
			);
			name = Models;
			sourceTree = "<group>";
		};
/* End PBXGroup section */

/* Begin PBXNativeTarget section */
		8E69A42B1AE518D800730A6D /* iNotebook */ = {
			isa = PBXNativeTarget;
			buildConfigurationList = 8E69A4491AE518D800730A6D /* Build configuration list for PBXNativeTarget "iNotebook" */;
			buildPhases = (
				8E69A4281AE518D800730A6D /* Sources */,
				8E69A4291AE518D800730A6D /* Frameworks */,
				8E69A42A1AE518D800730A6D /* Resources */,
			);
			buildRules = (
			);
			dependencies = (
			);
			name = iNotebook;
			productName = iNotebook;
			productReference = 8E69A42C1AE518D800730A6D /* iNotebook.app */;
			productType = "com.apple.product-type.application";
		};
		8E69A43E1AE518D800730A6D /* iNotebookTests */ = {
			isa = PBXNativeTarget;
			buildConfigurationList = 8E69A44C1AE518D800730A6D /* Build configuration list for PBXNativeTarget "iNotebookTests" */;
			buildPhases = (
				8E69A43B1AE518D800730A6D /* Sources */,
				8E69A43C1AE518D800730A6D /* Frameworks */,
				8E69A43D1AE518D800730A6D /* Resources */,
			);
			buildRules = (
			);
			dependencies = (
				8E69A4411AE518D800730A6D /* PBXTargetDependency */,
			);
			name = iNotebookTests;
			productName = iNotebookTests;
			productReference = 8E69A43F1AE518D800730A6D /* iNotebookTests.xctest */;
			productType = "com.apple.product-type.bundle.unit-test";
		};
/* End PBXNativeTarget section */

/* Begin PBXProject section */
		8E69A4241AE518D800730A6D /* Project object */ = {
			isa = PBXProject;
			attributes = {
				LastUpgradeCheck = 0630;
				ORGANIZATIONNAME = "Alex Cros";
				TargetAttributes = {
					8E69A42B1AE518D800730A6D = {
						CreatedOnToolsVersion = 6.3;
					};
					8E69A43E1AE518D800730A6D = {
						CreatedOnToolsVersion = 6.3;
						TestTargetID = 8E69A42B1AE518D800730A6D;
					};
				};
			};
			buildConfigurationList = 8E69A4271AE518D800730A6D /* Build configuration list for PBXProject "iNotebook" */;
			compatibilityVersion = "Xcode 3.2";
			developmentRegion = English;
			hasScannedForEncodings = 0;
			knownRegions = (
				en,
				Base,
			);
			mainGroup = 8E69A4231AE518D800730A6D;
			productRefGroup = 8E69A42D1AE518D800730A6D /* Products */;
			projectDirPath = "";
			projectRoot = "";
			targets = (
				8E69A42B1AE518D800730A6D /* iNotebook */,
				8E69A43E1AE518D800730A6D /* iNotebookTests */,
			);
		};
/* End PBXProject section */

/* Begin PBXResourcesBuildPhase section */
		8E69A42A1AE518D800730A6D /* Resources */ = {
			isa = PBXResourcesBuildPhase;
			buildActionMask = 2147483647;
			files = (
				8E69A43A1AE518D800730A6D /* LaunchScreen.xib in Resources */,
				8E69A4371AE518D800730A6D /* Images.xcassets in Resources */,
			);
			runOnlyForDeploymentPostprocessing = 0;
		};
		8E69A43D1AE518D800730A6D /* Resources */ = {
			isa = PBXResourcesBuildPhase;
			buildActionMask = 2147483647;
			files = (
			);
			runOnlyForDeploymentPostprocessing = 0;
		};
/* End PBXResourcesBuildPhase section */

/* Begin PBXSourcesBuildPhase section */
		8E69A4281AE518D800730A6D /* Sources */ = {
			isa = PBXSourcesBuildPhase;
			buildActionMask = 2147483647;
			files = (
				8E69A48B1AE6E35800730A6D /* ACCNotebook.m in Sources */,
				8E69A4351AE518D800730A6D /* AppDelegate.m in Sources */,
				8E69A4911AE6EC1A00730A6D /* ACCPhoto.m in Sources */,
				8E69A4881AE6E35800730A6D /* _ACCNotebook.m in Sources */,
				8E69A4321AE518D800730A6D /* main.m in Sources */,
				8E69A4861AE6E35800730A6D /* _ACCNamedEntity.m in Sources */,
				8E69A4901AE6EC1A00730A6D /* _ACCPhoto.m in Sources */,
				8E69A4891AE6E35800730A6D /* ACCNamedEntity.m in Sources */,
				8E69A4521AE5191000730A6D /* AGTSimpleCoreDataStack.m in Sources */,
				8E69A4551AE51DD200730A6D /* Model.xcdatamodeld in Sources */,
				8E69A48A1AE6E35800730A6D /* ACCNote.m in Sources */,
				8E69A4871AE6E35800730A6D /* _ACCNote.m in Sources */,
			);
			runOnlyForDeploymentPostprocessing = 0;
		};
		8E69A43B1AE518D800730A6D /* Sources */ = {
			isa = PBXSourcesBuildPhase;
			buildActionMask = 2147483647;
			files = (
				8E69A4461AE518D800730A6D /* iNotebookTests.m in Sources */,
			);
			runOnlyForDeploymentPostprocessing = 0;
		};
/* End PBXSourcesBuildPhase section */

/* Begin PBXTargetDependency section */
		8E69A4411AE518D800730A6D /* PBXTargetDependency */ = {
			isa = PBXTargetDependency;
			target = 8E69A42B1AE518D800730A6D /* iNotebook */;
			targetProxy = 8E69A4401AE518D800730A6D /* PBXContainerItemProxy */;
		};
/* End PBXTargetDependency section */

/* Begin PBXVariantGroup section */
		8E69A4381AE518D800730A6D /* LaunchScreen.xib */ = {
			isa = PBXVariantGroup;
			children = (
				8E69A4391AE518D800730A6D /* Base */,
			);
			name = LaunchScreen.xib;
			sourceTree = "<group>";
		};
/* End PBXVariantGroup section */

/* Begin XCBuildConfiguration section */
		8E69A4471AE518D800730A6D /* Debug */ = {
			isa = XCBuildConfiguration;
			buildSettings = {
				ALWAYS_SEARCH_USER_PATHS = NO;
				CLANG_CXX_LANGUAGE_STANDARD = "gnu++0x";
				CLANG_CXX_LIBRARY = "libc++";
				CLANG_ENABLE_MODULES = YES;
				CLANG_ENABLE_OBJC_ARC = YES;
				CLANG_WARN_BOOL_CONVERSION = YES;
				CLANG_WARN_CONSTANT_CONVERSION = YES;
				CLANG_WARN_DIRECT_OBJC_ISA_USAGE = YES_ERROR;
				CLANG_WARN_EMPTY_BODY = YES;
				CLANG_WARN_ENUM_CONVERSION = YES;
				CLANG_WARN_INT_CONVERSION = YES;
				CLANG_WARN_OBJC_ROOT_CLASS = YES_ERROR;
				CLANG_WARN_UNREACHABLE_CODE = YES;
				CLANG_WARN__DUPLICATE_METHOD_MATCH = YES;
				"CODE_SIGN_IDENTITY[sdk=iphoneos*]" = "iPhone Developer";
				COPY_PHASE_STRIP = NO;
				DEBUG_INFORMATION_FORMAT = "dwarf-with-dsym";
				ENABLE_STRICT_OBJC_MSGSEND = YES;
				GCC_C_LANGUAGE_STANDARD = gnu99;
				GCC_DYNAMIC_NO_PIC = NO;
				GCC_NO_COMMON_BLOCKS = YES;
				GCC_OPTIMIZATION_LEVEL = 0;
				GCC_PREPROCESSOR_DEFINITIONS = (
					"DEBUG=1",
					"$(inherited)",
				);
				GCC_SYMBOLS_PRIVATE_EXTERN = NO;
				GCC_WARN_64_TO_32_BIT_CONVERSION = YES;
				GCC_WARN_ABOUT_RETURN_TYPE = YES_ERROR;
				GCC_WARN_UNDECLARED_SELECTOR = YES;
				GCC_WARN_UNINITIALIZED_AUTOS = YES_AGGRESSIVE;
				GCC_WARN_UNUSED_FUNCTION = YES;
				GCC_WARN_UNUSED_VARIABLE = YES;
				IPHONEOS_DEPLOYMENT_TARGET = 8.3;
				MTL_ENABLE_DEBUG_INFO = YES;
				ONLY_ACTIVE_ARCH = YES;
				SDKROOT = iphoneos;
			};
			name = Debug;
		};
		8E69A4481AE518D800730A6D /* Release */ = {
			isa = XCBuildConfiguration;
			buildSettings = {
				ALWAYS_SEARCH_USER_PATHS = NO;
				CLANG_CXX_LANGUAGE_STANDARD = "gnu++0x";
				CLANG_CXX_LIBRARY = "libc++";
				CLANG_ENABLE_MODULES = YES;
				CLANG_ENABLE_OBJC_ARC = YES;
				CLANG_WARN_BOOL_CONVERSION = YES;
				CLANG_WARN_CONSTANT_CONVERSION = YES;
				CLANG_WARN_DIRECT_OBJC_ISA_USAGE = YES_ERROR;
				CLANG_WARN_EMPTY_BODY = YES;
				CLANG_WARN_ENUM_CONVERSION = YES;
				CLANG_WARN_INT_CONVERSION = YES;
				CLANG_WARN_OBJC_ROOT_CLASS = YES_ERROR;
				CLANG_WARN_UNREACHABLE_CODE = YES;
				CLANG_WARN__DUPLICATE_METHOD_MATCH = YES;
				"CODE_SIGN_IDENTITY[sdk=iphoneos*]" = "iPhone Developer";
				COPY_PHASE_STRIP = NO;
				DEBUG_INFORMATION_FORMAT = "dwarf-with-dsym";
				ENABLE_NS_ASSERTIONS = NO;
				ENABLE_STRICT_OBJC_MSGSEND = YES;
				GCC_C_LANGUAGE_STANDARD = gnu99;
				GCC_NO_COMMON_BLOCKS = YES;
				GCC_WARN_64_TO_32_BIT_CONVERSION = YES;
				GCC_WARN_ABOUT_RETURN_TYPE = YES_ERROR;
				GCC_WARN_UNDECLARED_SELECTOR = YES;
				GCC_WARN_UNINITIALIZED_AUTOS = YES_AGGRESSIVE;
				GCC_WARN_UNUSED_FUNCTION = YES;
				GCC_WARN_UNUSED_VARIABLE = YES;
				IPHONEOS_DEPLOYMENT_TARGET = 8.3;
				MTL_ENABLE_DEBUG_INFO = NO;
				SDKROOT = iphoneos;
				VALIDATE_PRODUCT = YES;
			};
			name = Release;
		};
		8E69A44A1AE518D800730A6D /* Debug */ = {
			isa = XCBuildConfiguration;
			buildSettings = {
				ASSETCATALOG_COMPILER_APPICON_NAME = AppIcon;
				GCC_PRECOMPILE_PREFIX_HEADER = YES;
				GCC_PREFIX_HEADER = iNotebook/PrefixHeader.pch;
				INFOPLIST_FILE = iNotebook/Info.plist;
				LD_RUNPATH_SEARCH_PATHS = "$(inherited) @executable_path/Frameworks";
				PRODUCT_NAME = "$(TARGET_NAME)";
			};
			name = Debug;
		};
		8E69A44B1AE518D800730A6D /* Release */ = {
			isa = XCBuildConfiguration;
			buildSettings = {
				ASSETCATALOG_COMPILER_APPICON_NAME = AppIcon;
				GCC_PRECOMPILE_PREFIX_HEADER = YES;
				GCC_PREFIX_HEADER = iNotebook/PrefixHeader.pch;
				INFOPLIST_FILE = iNotebook/Info.plist;
				LD_RUNPATH_SEARCH_PATHS = "$(inherited) @executable_path/Frameworks";
				PRODUCT_NAME = "$(TARGET_NAME)";
			};
			name = Release;
		};
		8E69A44D1AE518D800730A6D /* Debug */ = {
			isa = XCBuildConfiguration;
			buildSettings = {
				BUNDLE_LOADER = "$(TEST_HOST)";
				FRAMEWORK_SEARCH_PATHS = (
					"$(SDKROOT)/Developer/Library/Frameworks",
					"$(inherited)",
				);
				GCC_PREPROCESSOR_DEFINITIONS = (
					"DEBUG=1",
					"$(inherited)",
				);
				INFOPLIST_FILE = iNotebookTests/Info.plist;
				LD_RUNPATH_SEARCH_PATHS = "$(inherited) @executable_path/Frameworks @loader_path/Frameworks";
				PRODUCT_NAME = "$(TARGET_NAME)";
				TEST_HOST = "$(BUILT_PRODUCTS_DIR)/iNotebook.app/iNotebook";
			};
			name = Debug;
		};
		8E69A44E1AE518D800730A6D /* Release */ = {
			isa = XCBuildConfiguration;
			buildSettings = {
				BUNDLE_LOADER = "$(TEST_HOST)";
				FRAMEWORK_SEARCH_PATHS = (
					"$(SDKROOT)/Developer/Library/Frameworks",
					"$(inherited)",
				);
				INFOPLIST_FILE = iNotebookTests/Info.plist;
				LD_RUNPATH_SEARCH_PATHS = "$(inherited) @executable_path/Frameworks @loader_path/Frameworks";
				PRODUCT_NAME = "$(TARGET_NAME)";
				TEST_HOST = "$(BUILT_PRODUCTS_DIR)/iNotebook.app/iNotebook";
			};
			name = Release;
		};
/* End XCBuildConfiguration section */

/* Begin XCConfigurationList section */
		8E69A4271AE518D800730A6D /* Build configuration list for PBXProject "iNotebook" */ = {
			isa = XCConfigurationList;
			buildConfigurations = (
				8E69A4471AE518D800730A6D /* Debug */,
				8E69A4481AE518D800730A6D /* Release */,
			);
			defaultConfigurationIsVisible = 0;
			defaultConfigurationName = Release;
		};
		8E69A4491AE518D800730A6D /* Build configuration list for PBXNativeTarget "iNotebook" */ = {
			isa = XCConfigurationList;
			buildConfigurations = (
				8E69A44A1AE518D800730A6D /* Debug */,
				8E69A44B1AE518D800730A6D /* Release */,
			);
			defaultConfigurationIsVisible = 0;
		};
		8E69A44C1AE518D800730A6D /* Build configuration list for PBXNativeTarget "iNotebookTests" */ = {
			isa = XCConfigurationList;
			buildConfigurations = (
				8E69A44D1AE518D800730A6D /* Debug */,
				8E69A44E1AE518D800730A6D /* Release */,
			);
			defaultConfigurationIsVisible = 0;
		};
/* End XCConfigurationList section */

/* Begin XCVersionGroup section */
		8E69A4531AE51DD200730A6D /* Model.xcdatamodeld */ = {
			isa = XCVersionGroup;
			children = (
				8E69A4541AE51DD200730A6D /* Model.xcdatamodel */,
			);
			currentVersion = 8E69A4541AE51DD200730A6D /* Model.xcdatamodel */;
			path = Model.xcdatamodeld;
			sourceTree = "<group>";
			versionGroupType = wrapper.xcdatamodel;
		};
/* End XCVersionGroup section */
	};
	rootObject = 8E69A4241AE518D800730A6D /* Project object */;
}
